
Microsoft Visual Studio Solution File, Format Version 12.00
# Visual Studio Express 2012 for Windows Desktop
Project("{FAE04EC0-301F-11D3-BF4B-00C04F79EFBC}") = "NewRelicConfigManager", "NewRelicConfigManager.csproj", "{C93B069A-DA84-4FCB-BD39-FC1A59CDD03B}"
EndProject
Project("{FAE04EC0-301F-11D3-BF4B-00C04F79EFBC}") = "NewRelicConfiguration", "NewRelicConfiguration\NewRelicConfiguration.csproj", "{33536E8A-988A-4C6F-97CC-B708C8DE2978}"
EndProject
Project("{FAE04EC0-301F-11D3-BF4B-00C04F79EFBC}") = "NewRelicConfigBuilder", "NewRelicConfigBuilder\NewRelicConfigBuilder.csproj", "{96AE46FC-E178-4394-BBE1-ED4317D28EFE}"
EndProject
Global
	GlobalSection(SolutionConfigurationPlatforms) = preSolution
		Debug|Any CPU = Debug|Any CPU
		Release|Any CPU = Release|Any CPU
	EndGlobalSection
	GlobalSection(ProjectConfigurationPlatforms) = postSolution
		{C93B069A-DA84-4FCB-BD39-FC1A59CDD03B}.Debug|Any CPU.ActiveCfg = Debug|Any CPU
		{C93B069A-DA84-4FCB-BD39-FC1A59CDD03B}.Debug|Any CPU.Build.0 = Debug|Any CPU
		{C93B069A-DA84-4FCB-BD39-FC1A59CDD03B}.Release|Any CPU.ActiveCfg = Release|Any CPU
		{C93B069A-DA84-4FCB-BD39-FC1A59CDD03B}.Release|Any CPU.Build.0 = Release|Any CPU
		{33536E8A-988A-4C6F-97CC-B708C8DE2978}.Debug|Any CPU.ActiveCfg = Debug|Any CPU
		{33536E8A-988A-4C6F-97CC-B708C8DE2978}.Debug|Any CPU.Build.0 = Debug|Any CPU
		{33536E8A-988A-4C6F-97CC-B708C8DE2978}.Release|Any CPU.ActiveCfg = Release|Any CPU
		{33536E8A-988A-4C6F-97CC-B708C8DE2978}.Release|Any CPU.Build.0 = Release|Any CPU
		{96AE46FC-E178-4394-BBE1-ED4317D28EFE}.Debug|Any CPU.ActiveCfg = Debug|Any CPU
		{96AE46FC-E178-4394-BBE1-ED4317D28EFE}.Debug|Any CPU.Build.0 = Debug|Any CPU
		{96AE46FC-E178-4394-BBE1-ED4317D28EFE}.Release|Any CPU.ActiveCfg = Release|Any CPU
		{96AE46FC-E178-4394-BBE1-ED4317D28EFE}.Release|Any CPU.Build.0 = Release|Any CPU
	EndGlobalSection
	GlobalSection(SolutionProperties) = preSolution
		HideSolutionNode = FALSE
	EndGlobalSection
EndGlobal
